
Microsoft Visual Studio Solution File, Format Version 12.00
# Visual Studio 15
VisualStudioVersion = 15.0.27130.2027
MinimumVisualStudioVersion = 10.0.40219.1
Project("{FAE04EC0-301F-11D3-BF4B-00C04F79EFBC}") = "Laboratory", "Laboratory\Laboratory.csproj", "{A244F2D5-1FE3-4AD1-B119-17702EE63A04}"
EndProject
Global
	GlobalSection(SolutionConfigurationPlatforms) = preSolution
		Debug|Any CPU = Debug|Any CPU
		Release|Any CPU = Release|Any CPU
	EndGlobalSection
	GlobalSection(ProjectConfigurationPlatforms) = postSolution
		{A244F2D5-1FE3-4AD1-B119-17702EE63A04}.Debug|Any CPU.ActiveCfg = Debug|Any CPU
		{A244F2D5-1FE3-4AD1-B119-17702EE63A04}.Debug|Any CPU.Build.0 = Debug|Any CPU
		{A244F2D5-1FE3-4AD1-B119-17702EE63A04}.Release|Any CPU.ActiveCfg = Release|Any CPU
		{A244F2D5-1FE3-4AD1-B119-17702EE63A04}.Release|Any CPU.Build.0 = Release|Any CPU
	EndGlobalSection
	GlobalSection(SolutionProperties) = preSolution
		HideSolutionNode = FALSE
	EndGlobalSection
	GlobalSection(ExtensibilityGlobals) = postSolution
		SolutionGuid = {DB9FEDBE-F8F2-4A43-852B-F0625895EB7E}
	EndGlobalSection
EndGlobal
